
Microsoft Visual Studio Solution File, Format Version 12.00
# Visual Studio Version 17
VisualStudioVersion = 17.0.31521.260
MinimumVisualStudioVersion = 10.0.40219.1
Project("{9A19103F-16F7-4668-BE54-9A1E7A4F7556}") = "TfsCmdlets.Tests.UnitTests", "TfsCmdlets.Tests.UnitTests\TfsCmdlets.Tests.UnitTests.csproj", "{1D239B0E-69CB-46E3-9D9A-A41349AF3BB9}"
EndProject
Project("{2150E333-8FDC-42A3-9474-1A3956D46DE8}") = "Tests", "Tests", "{990DD3E9-3685-472A-AB57-2D304A5C86D6}"
EndProject
Project("{9A19103F-16F7-4668-BE54-9A1E7A4F7556}") = "TfsCmdlets", "TfsCmdlets\TfsCmdlets.csproj", "{63E2B0B3-DB12-4DE6-ADE8-660E8323E38A}"
EndProject
Project("{9A19103F-16F7-4668-BE54-9A1E7A4F7556}") = "TfsCmdlets.SourceGenerators", "TfsCmdlets.SourceGenerators\TfsCmdlets.SourceGenerators.csproj", "{1045CB54-F17F-42EA-9497-5D60815BDC64}"
EndProject
Project("{FAE04EC0-301F-11D3-BF4B-00C04F79EFBC}") = "TfsCmdlets.SourceGenerators.UnitTests", "TfsCmdlets.SourceGenerators.UnitTests\TfsCmdlets.SourceGenerators.UnitTests.csproj", "{76E5ACA3-72D5-41DD-8BF6-9C6DC246D0B7}"
EndProject
Global
	GlobalSection(SolutionConfigurationPlatforms) = preSolution
		Debug|Any CPU = Debug|Any CPU
		Release|Any CPU = Release|Any CPU
	EndGlobalSection
	GlobalSection(ProjectConfigurationPlatforms) = postSolution
		{1D239B0E-69CB-46E3-9D9A-A41349AF3BB9}.Debug|Any CPU.ActiveCfg = Debug|Any CPU
		{1D239B0E-69CB-46E3-9D9A-A41349AF3BB9}.Debug|Any CPU.Build.0 = Debug|Any CPU
		{1D239B0E-69CB-46E3-9D9A-A41349AF3BB9}.Release|Any CPU.ActiveCfg = Release|Any CPU
		{1D239B0E-69CB-46E3-9D9A-A41349AF3BB9}.Release|Any CPU.Build.0 = Release|Any CPU
		{63E2B0B3-DB12-4DE6-ADE8-660E8323E38A}.Debug|Any CPU.ActiveCfg = Debug|Any CPU
		{63E2B0B3-DB12-4DE6-ADE8-660E8323E38A}.Debug|Any CPU.Build.0 = Debug|Any CPU
		{63E2B0B3-DB12-4DE6-ADE8-660E8323E38A}.Release|Any CPU.ActiveCfg = Release|Any CPU
		{63E2B0B3-DB12-4DE6-ADE8-660E8323E38A}.Release|Any CPU.Build.0 = Release|Any CPU
		{1045CB54-F17F-42EA-9497-5D60815BDC64}.Debug|Any CPU.ActiveCfg = Debug|Any CPU
		{1045CB54-F17F-42EA-9497-5D60815BDC64}.Debug|Any CPU.Build.0 = Debug|Any CPU
		{1045CB54-F17F-42EA-9497-5D60815BDC64}.Release|Any CPU.ActiveCfg = Release|Any CPU
		{1045CB54-F17F-42EA-9497-5D60815BDC64}.Release|Any CPU.Build.0 = Release|Any CPU
		{76E5ACA3-72D5-41DD-8BF6-9C6DC246D0B7}.Debug|Any CPU.ActiveCfg = Debug|Any CPU
		{76E5ACA3-72D5-41DD-8BF6-9C6DC246D0B7}.Debug|Any CPU.Build.0 = Debug|Any CPU
		{76E5ACA3-72D5-41DD-8BF6-9C6DC246D0B7}.Release|Any CPU.ActiveCfg = Release|Any CPU
		{76E5ACA3-72D5-41DD-8BF6-9C6DC246D0B7}.Release|Any CPU.Build.0 = Release|Any CPU
	EndGlobalSection
	GlobalSection(SolutionProperties) = preSolution
		HideSolutionNode = FALSE
	EndGlobalSection
	GlobalSection(NestedProjects) = preSolution
		{1D239B0E-69CB-46E3-9D9A-A41349AF3BB9} = {990DD3E9-3685-472A-AB57-2D304A5C86D6}
		{76E5ACA3-72D5-41DD-8BF6-9C6DC246D0B7} = {990DD3E9-3685-472A-AB57-2D304A5C86D6}
	EndGlobalSection
	GlobalSection(ExtensibilityGlobals) = postSolution
		SolutionGuid = {FE0EFD1C-9A73-41C3-BD86-7E8112462C2B}
	EndGlobalSection
EndGlobal
