
Microsoft Visual Studio Solution File, Format Version 12.00
# Visual Studio Version 16
VisualStudioVersion = 16.0.29123.89
MinimumVisualStudioVersion = 10.0.40219.1
Project("{9A19103F-16F7-4668-BE54-9A1E7A4F7556}") = "TfsCmdlets", "TfsCmdlets\TfsCmdlets.csproj", "{7FD740D8-4A07-4633-A192-36BEFA719866}"
EndProject
Global
	GlobalSection(SolutionConfigurationPlatforms) = preSolution
		Debug|Any CPU = Debug|Any CPU
		Release|Any CPU = Release|Any CPU
	EndGlobalSection
	GlobalSection(ProjectConfigurationPlatforms) = postSolution
		{7FD740D8-4A07-4633-A192-36BEFA719866}.Debug|Any CPU.ActiveCfg = Debug|Any CPU
		{7FD740D8-4A07-4633-A192-36BEFA719866}.Debug|Any CPU.Build.0 = Debug|Any CPU
		{7FD740D8-4A07-4633-A192-36BEFA719866}.Release|Any CPU.ActiveCfg = Release|Any CPU
		{7FD740D8-4A07-4633-A192-36BEFA719866}.Release|Any CPU.Build.0 = Release|Any CPU
	EndGlobalSection
	GlobalSection(SolutionProperties) = preSolution
		HideSolutionNode = FALSE
	EndGlobalSection
	GlobalSection(ExtensibilityGlobals) = postSolution
		SolutionGuid = {FE0EFD1C-9A73-41C3-BD86-7E8112462C2B}
	EndGlobalSection
EndGlobal
