
Microsoft Visual Studio Solution File, Format Version 12.00
# Visual Studio 2013
VisualStudioVersion = 12.0.31101.0
MinimumVisualStudioVersion = 10.0.40219.1
Project("{F5034706-568F-408A-B7B3-4D38C6DB8A32}") = "TShooter.TfsCmdlets", "TShooter.TfsCmdlets\TShooter.TfsCmdlets.pssproj", "{6CAFC0C6-A428-4D30-A9F9-700E829FEA51}"
EndProject
Project("{930C7802-8A8C-48F9-8165-68863BCCD9DD}") = "TShooter.TfsCmdlets.Setup", "TShooter.TfsCmdlets.Setup\TShooter.TfsCmdlets.Setup.wixproj", "{1720339C-6A86-4E51-856A-1873CF029E04}"
EndProject
Project("{2150E333-8FDC-42A3-9474-1A3956D46DE8}") = "Solution Items", "Solution Items", "{867CBAC3-47AF-4D4E-8090-6A19459D7DF0}"
	ProjectSection(SolutionItems) = preProject
		LICENSE = LICENSE
	EndProjectSection
EndProject
Project("{F5034706-568F-408A-B7B3-4D38C6DB8A32}") = "TShooter.TfsCmdlets.UnitTests", "TShooter.TfsCmdlets.UnitTests\TShooter.TfsCmdlets.UnitTests.pssproj", "{BA7EE4EB-02E4-4BDB-8344-A355365C69E8}"
EndProject
Project("{2150E333-8FDC-42A3-9474-1A3956D46DE8}") = ".nuget", ".nuget", "{1478CF90-033C-49FB-B3CB-D94D600A1E26}"
	ProjectSection(SolutionItems) = preProject
		.nuget\packages.config = .nuget\packages.config
	EndProjectSection
EndProject
Global
	GlobalSection(SolutionConfigurationPlatforms) = preSolution
		Debug|Any CPU = Debug|Any CPU
		Debug|Mixed Platforms = Debug|Mixed Platforms
		Debug|x86 = Debug|x86
		Release|Any CPU = Release|Any CPU
		Release|Mixed Platforms = Release|Mixed Platforms
		Release|x86 = Release|x86
	EndGlobalSection
	GlobalSection(ProjectConfigurationPlatforms) = postSolution
		{6CAFC0C6-A428-4D30-A9F9-700E829FEA51}.Debug|Any CPU.ActiveCfg = Debug|Any CPU
		{6CAFC0C6-A428-4D30-A9F9-700E829FEA51}.Debug|Any CPU.Build.0 = Debug|Any CPU
		{6CAFC0C6-A428-4D30-A9F9-700E829FEA51}.Debug|Mixed Platforms.ActiveCfg = Debug|Any CPU
		{6CAFC0C6-A428-4D30-A9F9-700E829FEA51}.Debug|Mixed Platforms.Build.0 = Debug|Any CPU
		{6CAFC0C6-A428-4D30-A9F9-700E829FEA51}.Debug|x86.ActiveCfg = Debug|Any CPU
		{6CAFC0C6-A428-4D30-A9F9-700E829FEA51}.Release|Any CPU.ActiveCfg = Release|Any CPU
		{6CAFC0C6-A428-4D30-A9F9-700E829FEA51}.Release|Any CPU.Build.0 = Release|Any CPU
		{6CAFC0C6-A428-4D30-A9F9-700E829FEA51}.Release|Mixed Platforms.ActiveCfg = Release|Any CPU
		{6CAFC0C6-A428-4D30-A9F9-700E829FEA51}.Release|Mixed Platforms.Build.0 = Release|Any CPU
		{6CAFC0C6-A428-4D30-A9F9-700E829FEA51}.Release|x86.ActiveCfg = Release|Any CPU
		{1720339C-6A86-4E51-856A-1873CF029E04}.Debug|Any CPU.ActiveCfg = Debug|x86
		{1720339C-6A86-4E51-856A-1873CF029E04}.Debug|Mixed Platforms.ActiveCfg = Debug|x86
		{1720339C-6A86-4E51-856A-1873CF029E04}.Debug|Mixed Platforms.Build.0 = Debug|x86
		{1720339C-6A86-4E51-856A-1873CF029E04}.Debug|x86.ActiveCfg = Debug|x86
		{1720339C-6A86-4E51-856A-1873CF029E04}.Debug|x86.Build.0 = Debug|x86
		{1720339C-6A86-4E51-856A-1873CF029E04}.Release|Any CPU.ActiveCfg = Release|x86
		{1720339C-6A86-4E51-856A-1873CF029E04}.Release|Mixed Platforms.ActiveCfg = Release|x86
		{1720339C-6A86-4E51-856A-1873CF029E04}.Release|Mixed Platforms.Build.0 = Release|x86
		{1720339C-6A86-4E51-856A-1873CF029E04}.Release|x86.ActiveCfg = Release|x86
		{1720339C-6A86-4E51-856A-1873CF029E04}.Release|x86.Build.0 = Release|x86
		{BA7EE4EB-02E4-4BDB-8344-A355365C69E8}.Debug|Any CPU.ActiveCfg = Debug|Any CPU
		{BA7EE4EB-02E4-4BDB-8344-A355365C69E8}.Debug|Any CPU.Build.0 = Debug|Any CPU
		{BA7EE4EB-02E4-4BDB-8344-A355365C69E8}.Debug|Mixed Platforms.ActiveCfg = Debug|Any CPU
		{BA7EE4EB-02E4-4BDB-8344-A355365C69E8}.Debug|Mixed Platforms.Build.0 = Debug|Any CPU
		{BA7EE4EB-02E4-4BDB-8344-A355365C69E8}.Debug|x86.ActiveCfg = Debug|Any CPU
		{BA7EE4EB-02E4-4BDB-8344-A355365C69E8}.Release|Any CPU.ActiveCfg = Release|Any CPU
		{BA7EE4EB-02E4-4BDB-8344-A355365C69E8}.Release|Any CPU.Build.0 = Release|Any CPU
		{BA7EE4EB-02E4-4BDB-8344-A355365C69E8}.Release|Mixed Platforms.ActiveCfg = Release|Any CPU
		{BA7EE4EB-02E4-4BDB-8344-A355365C69E8}.Release|Mixed Platforms.Build.0 = Release|Any CPU
		{BA7EE4EB-02E4-4BDB-8344-A355365C69E8}.Release|x86.ActiveCfg = Release|Any CPU
	EndGlobalSection
	GlobalSection(SolutionProperties) = preSolution
		HideSolutionNode = FALSE
	EndGlobalSection
EndGlobal
